
Microsoft Visual Studio Solution File, Format Version 12.00
# Visual Studio 15
VisualStudioVersion = 15.0.28307.106
MinimumVisualStudioVersion = 10.0.40219.1
Project("{FAE04EC0-301F-11D3-BF4B-00C04F79EFBC}") = "AspNetCoreMvc2.introduction", "AspNetCoreMvc2.introduction\AspNetCoreMvc2.introduction.csproj", "{08B3501B-B761-482B-AC91-506B24A19918}"
EndProject
Global
	GlobalSection(SolutionConfigurationPlatforms) = preSolution
		Debug|Any CPU = Debug|Any CPU
		Release|Any CPU = Release|Any CPU
	EndGlobalSection
	GlobalSection(ProjectConfigurationPlatforms) = postSolution
		{08B3501B-B761-482B-AC91-506B24A19918}.Debug|Any CPU.ActiveCfg = Debug|Any CPU
		{08B3501B-B761-482B-AC91-506B24A19918}.Debug|Any CPU.Build.0 = Debug|Any CPU
		{08B3501B-B761-482B-AC91-506B24A19918}.Release|Any CPU.ActiveCfg = Release|Any CPU
		{08B3501B-B761-482B-AC91-506B24A19918}.Release|Any CPU.Build.0 = Release|Any CPU
	EndGlobalSection
	GlobalSection(SolutionProperties) = preSolution
		HideSolutionNode = FALSE
	EndGlobalSection
	GlobalSection(ExtensibilityGlobals) = postSolution
		SolutionGuid = {10A7FBA8-A5D4-4415-930D-599ADC86C06B}
	EndGlobalSection
EndGlobal
